
Microsoft Visual Studio Solution File, Format Version 12.00
# Visual Studio Version 17
VisualStudioVersion = 17.9.34723.18
MinimumVisualStudioVersion = 10.0.40219.1
Project("{FAE04EC0-301F-11D3-BF4B-00C04F79EFBC}") = "413FinalLarson", "413FinalLarson.csproj", "{D57959A0-7A74-47D9-A0DC-5A7F8A63209B}"
EndProject
Global
	GlobalSection(SolutionConfigurationPlatforms) = preSolution
		Debug|Any CPU = Debug|Any CPU
		Release|Any CPU = Release|Any CPU
	EndGlobalSection
	GlobalSection(ProjectConfigurationPlatforms) = postSolution
		{D57959A0-7A74-47D9-A0DC-5A7F8A63209B}.Debug|Any CPU.ActiveCfg = Debug|Any CPU
		{D57959A0-7A74-47D9-A0DC-5A7F8A63209B}.Debug|Any CPU.Build.0 = Debug|Any CPU
		{D57959A0-7A74-47D9-A0DC-5A7F8A63209B}.Release|Any CPU.ActiveCfg = Release|Any CPU
		{D57959A0-7A74-47D9-A0DC-5A7F8A63209B}.Release|Any CPU.Build.0 = Release|Any CPU
	EndGlobalSection
	GlobalSection(SolutionProperties) = preSolution
		HideSolutionNode = FALSE
	EndGlobalSection
	GlobalSection(ExtensibilityGlobals) = postSolution
		SolutionGuid = {F17F4BF6-69E4-49BF-A4C9-6703F60F0B57}
	EndGlobalSection
EndGlobal
